
Microsoft Visual Studio Solution File, Format Version 12.00
# Visual Studio Version 17
VisualStudioVersion = 17.11.35312.102
MinimumVisualStudioVersion = 10.0.40219.1
Project("{FAE04EC0-301F-11D3-BF4B-00C04F79EFBC}") = "Geo", "Geo\Geo.csproj", "{8DA7D853-8964-4399-B578-972C341EB648}"
EndProject
Global
	GlobalSection(SolutionConfigurationPlatforms) = preSolution
		Debug|Any CPU = Debug|Any CPU
		Debug|x64 = Debug|x64
		Release|Any CPU = Release|Any CPU
		Release|x64 = Release|x64
	EndGlobalSection
	GlobalSection(ProjectConfigurationPlatforms) = postSolution
		{8DA7D853-8964-4399-B578-972C341EB648}.Debug|Any CPU.ActiveCfg = Debug|Any CPU
		{8DA7D853-8964-4399-B578-972C341EB648}.Debug|Any CPU.Build.0 = Debug|Any CPU
		{8DA7D853-8964-4399-B578-972C341EB648}.Debug|x64.ActiveCfg = Debug|x64
		{8DA7D853-8964-4399-B578-972C341EB648}.Debug|x64.Build.0 = Debug|x64
		{8DA7D853-8964-4399-B578-972C341EB648}.Release|Any CPU.ActiveCfg = Release|Any CPU
		{8DA7D853-8964-4399-B578-972C341EB648}.Release|Any CPU.Build.0 = Release|Any CPU
		{8DA7D853-8964-4399-B578-972C341EB648}.Release|x64.ActiveCfg = Release|x64
		{8DA7D853-8964-4399-B578-972C341EB648}.Release|x64.Build.0 = Release|x64
	EndGlobalSection
	GlobalSection(SolutionProperties) = preSolution
		HideSolutionNode = FALSE
	EndGlobalSection
	GlobalSection(ExtensibilityGlobals) = postSolution
		SolutionGuid = {55555E42-7C74-4871-B6EA-34B164736BCE}
	EndGlobalSection
EndGlobal
